// !$*UTF8*$!
{
	archiveVersion = 1;
	classes = {
	};
	objectVersion = 56;
	objects = {

/* Begin PBXBuildFile section */
		A1000001 /* BOG_TOOLApp.swift in Sources */ = {isa = PBXBuildFile; fileRef = A2000001 /* BOG_TOOLApp.swift */; };
		A1000002 /* ContentView.swift in Sources */ = {isa = PBXBuildFile; fileRef = A2000002 /* ContentView.swift */; };
		A1000003 /* DebugModeView.swift in Sources */ = {isa = PBXBuildFile; fileRef = A2000003 /* DebugModeView.swift */; };
		A1000004 /* DeviceListView.swift in Sources */ = {isa = PBXBuildFile; fileRef = A2000004 /* DeviceListView.swift */; };
		A1000005 /* ProductionTestView.swift in Sources */ = {isa = PBXBuildFile; fileRef = A2000005 /* ProductionTestView.swift */; };
		A1000007 /* BLEManager.swift in Sources */ = {isa = PBXBuildFile; fileRef = A2000007 /* BLEManager.swift */; };
		A1000008 /* BLEDevice.swift in Sources */ = {isa = PBXBuildFile; fileRef = A2000008 /* BLEDevice.swift */; };
		A1000009 /* UUIDConfig.swift in Sources */ = {isa = PBXBuildFile; fileRef = A2000009 /* UUIDConfig.swift */; };
		A1000010 /* Assets.xcassets in Resources */ = {isa = PBXBuildFile; fileRef = A2000010 /* Assets.xcassets */; };
		A1000013 /* GattMapping.swift in Sources */ = {isa = PBXBuildFile; fileRef = A2000013 /* GattMapping.swift */; };
		A1000014 /* GattServices.json in Resources */ = {isa = PBXBuildFile; fileRef = A2000014 /* GattServices.json */; };
		A1000015 /* Localizable.strings in Resources */ = {isa = PBXBuildFile; fileRef = A5000011 /* Localizable.strings */; };
		A1000016 /* AppLanguage.swift in Sources */ = {isa = PBXBuildFile; fileRef = A2000017 /* AppLanguage.swift */; };
		A1000018 /* GattProtocolView.swift in Sources */ = {isa = PBXBuildFile; fileRef = A2000018 /* GattProtocolView.swift */; };
		A1000019 /* OTASectionView.swift in Sources */ = {isa = PBXBuildFile; fileRef = A2000019 /* OTASectionView.swift */; };
		A1000020 /* UUIDDebugView.swift in Sources */ = {isa = PBXBuildFile; fileRef = A2000020 /* UUIDDebugView.swift */; };
		A1000021 /* ProductionTestRulesView.swift in Sources */ = {isa = PBXBuildFile; fileRef = A2000021 /* ProductionTestRulesView.swift */; };
		A1000022 /* UIDesignSystem.swift in Sources */ = {isa = PBXBuildFile; fileRef = A2000022 /* UIDesignSystem.swift */; };
/* End PBXBuildFile section */

/* Begin PBXFileReference section */
		A2000001 /* BOG_TOOLApp.swift */ = {isa = PBXFileReference; lastKnownFileType = sourcecode.swift; path = BOG_TOOLApp.swift; sourceTree = "<group>"; };
		A2000002 /* ContentView.swift */ = {isa = PBXFileReference; lastKnownFileType = sourcecode.swift; path = ContentView.swift; sourceTree = "<group>"; };
		A2000003 /* DebugModeView.swift */ = {isa = PBXFileReference; lastKnownFileType = sourcecode.swift; path = DebugModeView.swift; sourceTree = "<group>"; };
		A2000004 /* DeviceListView.swift */ = {isa = PBXFileReference; lastKnownFileType = sourcecode.swift; path = DeviceListView.swift; sourceTree = "<group>"; };
		A2000005 /* ProductionTestView.swift */ = {isa = PBXFileReference; lastKnownFileType = sourcecode.swift; path = ProductionTestView.swift; sourceTree = "<group>"; };
		A2000007 /* BLEManager.swift */ = {isa = PBXFileReference; lastKnownFileType = sourcecode.swift; path = BLEManager.swift; sourceTree = "<group>"; };
		A2000008 /* BLEDevice.swift */ = {isa = PBXFileReference; lastKnownFileType = sourcecode.swift; path = BLEDevice.swift; sourceTree = "<group>"; };
		A2000009 /* UUIDConfig.swift */ = {isa = PBXFileReference; lastKnownFileType = sourcecode.swift; path = UUIDConfig.swift; sourceTree = "<group>"; };
		A2000010 /* Assets.xcassets */ = {isa = PBXFileReference; lastKnownFileType = folder.assetcatalog; path = Assets.xcassets; sourceTree = "<group>"; };
		A2000011 /* Info.plist */ = {isa = PBXFileReference; lastKnownFileType = text.plist.xml; path = Info.plist; sourceTree = "<group>"; };
		A2000012 /* BOG_TOOL.entitlements */ = {isa = PBXFileReference; lastKnownFileType = text.plist.entitlements; path = BOG_TOOL.entitlements; sourceTree = "<group>"; };
		A2000013 /* GattMapping.swift */ = {isa = PBXFileReference; lastKnownFileType = sourcecode.swift; path = GattMapping.swift; sourceTree = "<group>"; };
		A2000014 /* GattServices.json */ = {isa = PBXFileReference; lastKnownFileType = text.json; path = GattServices.json; sourceTree = "<group>"; };
		A2000015 /* zh-Hans.lproj/Localizable.strings */ = {isa = PBXFileReference; lastKnownFileType = text.plist.strings; path = "zh-Hans.lproj/Localizable.strings"; sourceTree = "<group>"; };
		A2000016 /* en.lproj/Localizable.strings */ = {isa = PBXFileReference; lastKnownFileType = text.plist.strings; path = en.lproj/Localizable.strings; sourceTree = "<group>"; };
		A2000017 /* AppLanguage.swift */ = {isa = PBXFileReference; lastKnownFileType = sourcecode.swift; path = AppLanguage.swift; sourceTree = "<group>"; };
		A2000018 /* GattProtocolView.swift */ = {isa = PBXFileReference; lastKnownFileType = sourcecode.swift; path = GattProtocolView.swift; sourceTree = "<group>"; };
		A2000019 /* OTASectionView.swift */ = {isa = PBXFileReference; lastKnownFileType = sourcecode.swift; path = OTASectionView.swift; sourceTree = "<group>"; };
		A2000020 /* UUIDDebugView.swift */ = {isa = PBXFileReference; lastKnownFileType = sourcecode.swift; path = UUIDDebugView.swift; sourceTree = "<group>"; };
		A2000021 /* ProductionTestRulesView.swift */ = {isa = PBXFileReference; lastKnownFileType = sourcecode.swift; path = ProductionTestRulesView.swift; sourceTree = "<group>"; };
		A2000022 /* UIDesignSystem.swift */ = {isa = PBXFileReference; lastKnownFileType = sourcecode.swift; path = UIDesignSystem.swift; sourceTree = "<group>"; };
		A3000001 /* BOG Tool.app */ = {isa = PBXFileReference; explicitFileType = wrapper.application; includeInIndex = 0; path = "BOG Tool.app"; sourceTree = BUILT_PRODUCTS_DIR; };
/* End PBXFileReference section */

/* Begin PBXFrameworksBuildPhase section */
		A4000001 /* Frameworks */ = {
			isa = PBXFrameworksBuildPhase;
			buildActionMask = 2147483647;
			files = (
			);
			runOnlyForDeploymentPostprocessing = 0;
		};
/* End PBXFrameworksBuildPhase section */

/* Begin PBXGroup section */
		A5000001 = {
			isa = PBXGroup;
			children = (
				A5000002 /* BOG_TOOL */,
				A5000010 /* Products */,
			);
			sourceTree = "<group>";
		};
		A5000002 /* BOG_TOOL */ = {
			isa = PBXGroup;
			children = (
				A2000001 /* BOG_TOOLApp.swift */,
				A2000017 /* AppLanguage.swift */,
				A2000022 /* UIDesignSystem.swift */,
				A5000003 /* Views */,
				A5000006 /* BLE */,
				A5000008 /* Config */,
				A2000010 /* Assets.xcassets */,
				A5000011 /* Localizable.strings */,
				A2000011 /* Info.plist */,
				A2000012 /* BOG_TOOL.entitlements */,
			);
			path = BOG_TOOL;
			sourceTree = "<group>";
		};
		A5000003 /* Views */ = {
			isa = PBXGroup;
			children = (
				A2000002 /* ContentView.swift */,
				A2000003 /* DebugModeView.swift */,
				A2000004 /* DeviceListView.swift */,
				A2000018 /* GattProtocolView.swift */,
				A2000019 /* OTASectionView.swift */,
				A2000020 /* UUIDDebugView.swift */,
				A2000005 /* ProductionTestView.swift */,
				A2000021 /* ProductionTestRulesView.swift */,
			);
			path = Views;
			sourceTree = "<group>";
		};
		A5000006 /* BLE */ = {
			isa = PBXGroup;
			children = (
				A2000007 /* BLEManager.swift */,
				A2000008 /* BLEDevice.swift */,
			);
			path = BLE;
			sourceTree = "<group>";
		};
		A5000008 /* Config */ = {
			isa = PBXGroup;
			children = (
				A2000009 /* UUIDConfig.swift */,
				A2000013 /* GattMapping.swift */,
				A2000014 /* GattServices.json */,
			);
			path = Config;
			sourceTree = "<group>";
		};
		A5000010 /* Products */ = {
			isa = PBXGroup;
			children = (
				A3000001 /* BOG Tool.app */,
			);
			name = Products;
			sourceTree = "<group>";
		};
/* End PBXGroup section */

/* Begin PBXNativeTarget section */
		A6000001 /* BOG_TOOL */ = {
			isa = PBXNativeTarget;
			buildConfigurationList = A7000003 /* Build configuration list for PBXNativeTarget "BOG_TOOL" */;
			buildPhases = (
				A6000002 /* Sources */,
				A4000001 /* Frameworks */,
				A6000003 /* Resources */,
				A6000004 /* Copy app to project dir */,
			);
			buildRules = (
			);
			dependencies = (
			);
			name = BOG_TOOL;
			productName = BOG_TOOL;
			productReference = A3000001 /* BOG Tool.app */;
			productType = "com.apple.product-type.application";
		};
/* End PBXNativeTarget section */

/* Begin PBXProject section */
		A8000001 /* Project object */ = {
			isa = PBXProject;
			attributes = {
				BuildIndependentTargetsInParallel = 1;
				LastSwiftUpdateCheck = 1500;
				LastUpgradeCheck = 1500;
				TargetAttributes = {
					A6000001 = {
						CreatedOnToolsVersion = 15.0;
					};
				};
			};
			buildConfigurationList = A7000001 /* Build configuration list for PBXProject "BOG_TOOL" */;
			compatibilityVersion = "Xcode 14.0";
			developmentRegion = "zh-Hans";
			hasScannedForEncodings = 0;
			knownRegions = (
				en,
				"zh-Hans",
				Base,
			);
			mainGroup = A5000001;
			productRefGroup = A5000010 /* Products */;
			projectDirPath = "";
			projectRoot = "";
			targets = (
				A6000001 /* BOG_TOOL */,
			);
		};
/* End PBXProject section */

/* Begin PBXResourcesBuildPhase section */
		A6000003 /* Resources */ = {
			isa = PBXResourcesBuildPhase;
			buildActionMask = 2147483647;
			files = (
				A1000010 /* Assets.xcassets in Resources */,
				A1000014 /* GattServices.json in Resources */,
				A1000015 /* Localizable.strings in Resources */,
			);
			runOnlyForDeploymentPostprocessing = 0;
		};
/* End PBXResourcesBuildPhase section */

/* Begin PBXShellScriptBuildPhase section */
		A6000004 /* Copy app to project dir */ = {
			isa = PBXShellScriptBuildPhase;
			buildActionMask = 2147483647;
			files = (
			);
			inputFileListPaths = (
			);
			inputPaths = (
			);
			name = "Copy app to project dir";
			outputFileListPaths = (
			);
			outputPaths = (
				"${SRCROOT}/${PRODUCT_NAME}.app",
			);
			runOnlyForDeploymentPostprocessing = 0;
			shellPath = /bin/sh;
			shellScript = "rm -rf \"${SRCROOT}/${PRODUCT_NAME}.app\"\ncp -R \"${BUILT_PRODUCTS_DIR}/${PRODUCT_NAME}.app\" \"${SRCROOT}/\"\n";
		};
/* End PBXShellScriptBuildPhase section */

/* Begin PBXSourcesBuildPhase section */
		A6000002 /* Sources */ = {
			isa = PBXSourcesBuildPhase;
			buildActionMask = 2147483647;
			files = (
				A1000001 /* BOG_TOOLApp.swift in Sources */,
				A1000002 /* ContentView.swift in Sources */,
				A1000003 /* DebugModeView.swift in Sources */,
				A1000004 /* DeviceListView.swift in Sources */,
				A1000018 /* GattProtocolView.swift in Sources */,
				A1000019 /* OTASectionView.swift in Sources */,
				A1000020 /* UUIDDebugView.swift in Sources */,
				A1000005 /* ProductionTestView.swift in Sources */,
				A1000021 /* ProductionTestRulesView.swift in Sources */,
				A1000007 /* BLEManager.swift in Sources */,
				A1000008 /* BLEDevice.swift in Sources */,
				A1000009 /* UUIDConfig.swift in Sources */,
				A1000013 /* GattMapping.swift in Sources */,
				A1000016 /* AppLanguage.swift in Sources */,
				A1000022 /* UIDesignSystem.swift in Sources */,
			);
			runOnlyForDeploymentPostprocessing = 0;
		};
/* End PBXSourcesBuildPhase section */

/* Begin PBXVariantGroup section */
		A5000011 /* Localizable.strings */ = {
			isa = PBXVariantGroup;
			children = (
				A2000015 /* zh-Hans.lproj/Localizable.strings */,
				A2000016 /* en.lproj/Localizable.strings */,
			);
			name = Localizable.strings;
			sourceTree = "<group>";
		};
/* End PBXVariantGroup section */

/* Begin XCBuildConfiguration section */
		A9000001 /* Debug */ = {
			isa = XCBuildConfiguration;
			buildSettings = {
				ALWAYS_SEARCH_USER_PATHS = NO;
				ASSETCATALOG_COMPILER_GENERATE_SWIFT_ASSET_SYMBOL_EXTENSIONS = YES;
				CLANG_ANALYZER_NONNULL = YES;
				CLANG_ANALYZER_NUMBER_OBJECT_CONVERSION = YES_AGGRESSIVE;
				CLANG_CXX_LANGUAGE_STANDARD = "gnu++20";
				CLANG_ENABLE_MODULES = YES;
				CLANG_ENABLE_OBJC_ARC = YES;
				CLANG_ENABLE_OBJC_WEAK = YES;
				CODE_SIGN_IDENTITY = "Developer ID Application";
				COPY_PHASE_STRIP = NO;
				DEBUG_INFORMATION_FORMAT = dwarf;
				DEVELOPMENT_TEAM = AZSML8GL89;
				ENABLE_STRICT_OBJC_MSGSEND = YES;
				ENABLE_TESTABILITY = YES;
				GCC_C_LANGUAGE_STANDARD = gnu17;
				GCC_DYNAMIC_NO_PIC = NO;
				GCC_OPTIMIZATION_LEVEL = 0;
				GCC_PREPROCESSOR_DEFINITIONS = (
					"DEBUG=1",
					"$(inherited)",
				);
				GCC_WARN_64_TO_32_BIT_CONVERSION = YES;
				GCC_WARN_ABOUT_RETURN_TYPE = YES_ERROR;
				GCC_WARN_UNDECLARED_SELECTOR = YES;
				GCC_WARN_UNINITIALIZED_AUTOS = YES_AGGRESSIVE;
				GCC_WARN_UNUSED_FUNCTION = YES;
				GCC_WARN_UNUSED_VARIABLE = YES;
				LOCALIZATION_PREFERS_STRING_CATALOGS = YES;
				MACOSX_DEPLOYMENT_TARGET = 13.0;
				MTL_ENABLE_DEBUG_INFO = INCLUDE_SOURCE;
				MTL_FAST_MATH = YES;
				ONLY_ACTIVE_ARCH = YES;
				SDKROOT = macosx;
				SWIFT_ACTIVE_COMPILATION_CONDITIONS = "DEBUG $(inherited)";
				SWIFT_OPTIMIZATION_LEVEL = "-Onone";
			};
			name = Debug;
		};
		A9000002 /* Release */ = {
			isa = XCBuildConfiguration;
			buildSettings = {
				ALWAYS_SEARCH_USER_PATHS = NO;
				ASSETCATALOG_COMPILER_GENERATE_SWIFT_ASSET_SYMBOL_EXTENSIONS = YES;
				CLANG_ANALYZER_NONNULL = YES;
				CLANG_ANALYZER_NUMBER_OBJECT_CONVERSION = YES_AGGRESSIVE;
				CLANG_CXX_LANGUAGE_STANDARD = "gnu++20";
				CLANG_ENABLE_MODULES = YES;
				CLANG_ENABLE_OBJC_ARC = YES;
				CLANG_ENABLE_OBJC_WEAK = YES;
				CODE_SIGN_IDENTITY = "Developer ID Application";
				COPY_PHASE_STRIP = NO;
				DEBUG_INFORMATION_FORMAT = "dwarf-with-dsym";
				DEVELOPMENT_TEAM = AZSML8GL89;
				ENABLE_NS_ASSERTIONS = NO;
				ENABLE_STRICT_OBJC_MSGSEND = YES;
				GCC_C_LANGUAGE_STANDARD = gnu17;
				GCC_WARN_64_TO_32_BIT_CONVERSION = YES;
				GCC_WARN_ABOUT_RETURN_TYPE = YES_ERROR;
				GCC_WARN_UNDECLARED_SELECTOR = YES;
				GCC_WARN_UNINITIALIZED_AUTOS = YES_AGGRESSIVE;
				GCC_WARN_UNUSED_FUNCTION = YES;
				GCC_WARN_UNUSED_VARIABLE = YES;
				LOCALIZATION_PREFERS_STRING_CATALOGS = YES;
				MACOSX_DEPLOYMENT_TARGET = 13.0;
				MTL_ENABLE_DEBUG_INFO = NO;
				MTL_FAST_MATH = YES;
				SDKROOT = macosx;
				SWIFT_COMPILATION_MODE = wholemodule;
			};
			name = Release;
		};
		A9000003 /* Debug */ = {
			isa = XCBuildConfiguration;
			buildSettings = {
				ASSETCATALOG_COMPILER_APPICON_NAME = AppIcon;
				ASSETCATALOG_COMPILER_GLOBAL_ACCENT_COLOR_NAME = AccentColor;
				CODE_SIGN_ENTITLEMENTS = BOG_TOOL/BOG_TOOL.entitlements;
				"CODE_SIGN_IDENTITY[sdk=macosx*]" = "Apple Development";
				CODE_SIGN_STYLE = Automatic;
				COMBINE_HIDPI_IMAGES = YES;
				CURRENT_PROJECT_VERSION = 1;
				DEVELOPMENT_ASSET_PATHS = "";
				DEVELOPMENT_TEAM = AZSML8GL89;
				ENABLE_PREVIEWS = YES;
				GENERATE_INFOPLIST_FILE = NO;
				INFOPLIST_FILE = BOG_TOOL/Info.plist;
				INFOPLIST_KEY_NSHumanReadableCopyright = "";
				LD_RUNPATH_SEARCH_PATHS = (
					"$(inherited)",
					"@executable_path/../Frameworks",
				);
				MARKETING_VERSION = 1.0.0;
				ONLY_ACTIVE_ARCH = YES;
				OTHER_LDFLAGS = (
					"-Xlinker",
					"-interposable",
				);
				PRODUCT_BUNDLE_IDENTIFIER = "com.agiliantech.BOG-TOOL";
				PRODUCT_NAME = "BOG Tool";
				SWIFT_EMIT_LOC_STRINGS = YES;
				SWIFT_VERSION = 5.0;
			};
			name = Debug;
		};
		A9000004 /* Release */ = {
			isa = XCBuildConfiguration;
			buildSettings = {
				ARCHS = (
					arm64,
					x86_64,
				);
				ASSETCATALOG_COMPILER_APPICON_NAME = AppIcon;
				ASSETCATALOG_COMPILER_GLOBAL_ACCENT_COLOR_NAME = AccentColor;
				CODE_SIGN_ENTITLEMENTS = BOG_TOOL/BOG_TOOL.entitlements;
				"CODE_SIGN_IDENTITY[sdk=macosx*]" = "Apple Development";
				CODE_SIGN_STYLE = Automatic;
				COMBINE_HIDPI_IMAGES = YES;
				CURRENT_PROJECT_VERSION = 1;
				DEVELOPMENT_ASSET_PATHS = "";
				DEVELOPMENT_TEAM = AZSML8GL89;
				ENABLE_HARDENED_RUNTIME = YES;
				ENABLE_PREVIEWS = YES;
				GENERATE_INFOPLIST_FILE = NO;
				INFOPLIST_FILE = BOG_TOOL/Info.plist;
				INFOPLIST_KEY_NSHumanReadableCopyright = "";
				LD_RUNPATH_SEARCH_PATHS = (
					"$(inherited)",
					"@executable_path/../Frameworks",
				);
				MARKETING_VERSION = 1.0.0;
				ONLY_ACTIVE_ARCH = YES;
				PRODUCT_BUNDLE_IDENTIFIER = "com.agiliantech.BOG-TOOL";
				PRODUCT_NAME = "BOG Tool";
				SWIFT_EMIT_LOC_STRINGS = YES;
				SWIFT_VERSION = 5.0;
			};
			name = Release;
		};
/* End XCBuildConfiguration section */

/* Begin XCConfigurationList section */
		A7000001 /* Build configuration list for PBXProject "BOG_TOOL" */ = {
			isa = XCConfigurationList;
			buildConfigurations = (
				A9000001 /* Debug */,
				A9000002 /* Release */,
			);
			defaultConfigurationIsVisible = 0;
			defaultConfigurationName = Release;
		};
		A7000003 /* Build configuration list for PBXNativeTarget "BOG_TOOL" */ = {
			isa = XCConfigurationList;
			buildConfigurations = (
				A9000003 /* Debug */,
				A9000004 /* Release */,
			);
			defaultConfigurationIsVisible = 0;
			defaultConfigurationName = Release;
		};
/* End XCConfigurationList section */
	};
	rootObject = A8000001 /* Project object */;
}
